
Microsoft Visual Studio Solution File, Format Version 12.00
# Visual Studio 15
VisualStudioVersion = 15.0.26730.16
MinimumVisualStudioVersion = 10.0.40219.1
Project("{888888A0-9F3D-457C-B088-3A5042F75D52}") = "RTDE_UR", "RTDE_UR.pyproj", "{349225FD-BEA4-4110-8EC5-2B7399AE24D2}"
EndProject
Global
	GlobalSection(SolutionConfigurationPlatforms) = preSolution
		Debug|Any CPU = Debug|Any CPU
		Release|Any CPU = Release|Any CPU
	EndGlobalSection
	GlobalSection(ProjectConfigurationPlatforms) = postSolution
		{349225FD-BEA4-4110-8EC5-2B7399AE24D2}.Debug|Any CPU.ActiveCfg = Debug|Any CPU
		{349225FD-BEA4-4110-8EC5-2B7399AE24D2}.Release|Any CPU.ActiveCfg = Release|Any CPU
	EndGlobalSection
	GlobalSection(SolutionProperties) = preSolution
		HideSolutionNode = FALSE
	EndGlobalSection
	GlobalSection(ExtensibilityGlobals) = postSolution
		SolutionGuid = {DD642D50-6E80-4600-B055-752A1D703EA4}
	EndGlobalSection
EndGlobal
